# THIS IS AN AUTOGENERATED FILE. DO NOT EDIT THIS FILE DIRECTLY.
# yarn lockfile v1


acorn@^7.2.0:
  version "7.2.0"
  resolved "https://registry.yarnpkg.com/acorn/-/acorn-7.2.0.tgz#17ea7e40d7c8640ff54a694c889c26f31704effe"
  integrity sha512-apwXVmYVpQ34m/i71vrApRrRKCWQnZZF1+npOD0WV5xZFfwWOmKGQ2RWlfdy9vWITsenisM8M0Qeq8agcFHNiQ==

esbuild@^0.2.11:
  version "0.2.11"
  resolved "https://registry.yarnpkg.com/esbuild/-/esbuild-0.2.11.tgz#e6676fe15308e467be10eb4f534b60e1ed74e25a"
  integrity sha512-T614oyicETVZemGY5Km9y2TPepyVVqg/VEpZRrCoKjw5DTF8IuSyWzIKB/tw0G/brlgQtXBetwAKzBrPORCOtA==

mime@^2.4.5:
  version "2.4.5"
  resolved "https://registry.yarnpkg.com/mime/-/mime-2.4.5.tgz#d8de2ecb92982dedbb6541c9b6841d7f218ea009"
  integrity sha512-3hQhEUF027BuxZjQA3s7rIv/7VCQPa27hN9u9g87sEkWaKwQPuXOkVKtOeiyUrnWqTDiOs8Ed2rwg733mB0R5w==

servor@^3.3.1:
  version "3.3.1"
  resolved "https://registry.yarnpkg.com/servor/-/servor-3.3.1.tgz#6862a9016837c5bd8c7ab20c05c775d72dfceab2"
  integrity sha512-3597Ob1ZKGzRYNZSgD/LSpiQcj3JRN6MvIDFUxkcwtWwUvXkrskhPT3Z5FiFFS3RIG0Je94x56Y9AfvY+mcvgA==
